
Microsoft Visual Studio Solution File, Format Version 12.00
# Visual Studio 14
VisualStudioVersion = 14.0.24720.0
MinimumVisualStudioVersion = 10.0.40219.1
Project("{FAE04EC0-301F-11D3-BF4B-00C04F79EFBC}") = "EnumSwitchAnalyzer", "EnumSwitchAnalyzer\EnumSwitchAnalyzer\EnumSwitchAnalyzer.csproj", "{1FC79BE5-ABF5-475C-A62C-2BD7BE9B6EE8}"
EndProject
Project("{FAE04EC0-301F-11D3-BF4B-00C04F79EFBC}") = "EnumSwitchAnalyzer.Test", "EnumSwitchAnalyzer\EnumSwitchAnalyzer.Test\EnumSwitchAnalyzer.Test.csproj", "{06667B39-19D0-408A-AB4B-83631D4BC807}"
EndProject
Project("{FAE04EC0-301F-11D3-BF4B-00C04F79EFBC}") = "EnumSwitchAnalyzer.Vsix", "EnumSwitchAnalyzer\EnumSwitchAnalyzer.Vsix\EnumSwitchAnalyzer.Vsix.csproj", "{11BB92A0-7C56-44E6-BE63-55AE8F0185D5}"
EndProject
Project("{FAE04EC0-301F-11D3-BF4B-00C04F79EFBC}") = "MaterializeCollectionsAnalyzer", "MaterializeCollectionsAnalyzer\MaterializeCollectionsAnalyzer\MaterializeCollectionsAnalyzer.csproj", "{CEFDD049-E7DE-4503-AC24-2615EB6B1148}"
EndProject
Project("{FAE04EC0-301F-11D3-BF4B-00C04F79EFBC}") = "MaterializeCollectionsAnalyzer.Test", "MaterializeCollectionsAnalyzer\MaterializeCollectionsAnalyzer.Test\MaterializeCollectionsAnalyzer.Test.csproj", "{8B713886-9740-453A-B438-7EC8F68889DA}"
EndProject
Project("{FAE04EC0-301F-11D3-BF4B-00C04F79EFBC}") = "MaterializeCollectionsAnalyzer.Vsix", "MaterializeCollectionsAnalyzer\MaterializeCollectionsAnalyzer.Vsix\MaterializeCollectionsAnalyzer.Vsix.csproj", "{EBEDB89C-1FA9-449F-866E-16B9B2A69726}"
EndProject
Global
	GlobalSection(SolutionConfigurationPlatforms) = preSolution
		Debug|Any CPU = Debug|Any CPU
		Release|Any CPU = Release|Any CPU
	EndGlobalSection
	GlobalSection(ProjectConfigurationPlatforms) = postSolution
		{1FC79BE5-ABF5-475C-A62C-2BD7BE9B6EE8}.Debug|Any CPU.ActiveCfg = Debug|Any CPU
		{1FC79BE5-ABF5-475C-A62C-2BD7BE9B6EE8}.Debug|Any CPU.Build.0 = Debug|Any CPU
		{1FC79BE5-ABF5-475C-A62C-2BD7BE9B6EE8}.Release|Any CPU.ActiveCfg = Release|Any CPU
		{1FC79BE5-ABF5-475C-A62C-2BD7BE9B6EE8}.Release|Any CPU.Build.0 = Release|Any CPU
		{06667B39-19D0-408A-AB4B-83631D4BC807}.Debug|Any CPU.ActiveCfg = Debug|Any CPU
		{06667B39-19D0-408A-AB4B-83631D4BC807}.Debug|Any CPU.Build.0 = Debug|Any CPU
		{06667B39-19D0-408A-AB4B-83631D4BC807}.Release|Any CPU.ActiveCfg = Release|Any CPU
		{06667B39-19D0-408A-AB4B-83631D4BC807}.Release|Any CPU.Build.0 = Release|Any CPU
		{11BB92A0-7C56-44E6-BE63-55AE8F0185D5}.Debug|Any CPU.ActiveCfg = Debug|Any CPU
		{11BB92A0-7C56-44E6-BE63-55AE8F0185D5}.Debug|Any CPU.Build.0 = Debug|Any CPU
		{11BB92A0-7C56-44E6-BE63-55AE8F0185D5}.Release|Any CPU.ActiveCfg = Release|Any CPU
		{11BB92A0-7C56-44E6-BE63-55AE8F0185D5}.Release|Any CPU.Build.0 = Release|Any CPU
		{CEFDD049-E7DE-4503-AC24-2615EB6B1148}.Debug|Any CPU.ActiveCfg = Debug|Any CPU
		{CEFDD049-E7DE-4503-AC24-2615EB6B1148}.Debug|Any CPU.Build.0 = Debug|Any CPU
		{CEFDD049-E7DE-4503-AC24-2615EB6B1148}.Release|Any CPU.ActiveCfg = Release|Any CPU
		{CEFDD049-E7DE-4503-AC24-2615EB6B1148}.Release|Any CPU.Build.0 = Release|Any CPU
		{8B713886-9740-453A-B438-7EC8F68889DA}.Debug|Any CPU.ActiveCfg = Debug|Any CPU
		{8B713886-9740-453A-B438-7EC8F68889DA}.Debug|Any CPU.Build.0 = Debug|Any CPU
		{8B713886-9740-453A-B438-7EC8F68889DA}.Release|Any CPU.ActiveCfg = Release|Any CPU
		{8B713886-9740-453A-B438-7EC8F68889DA}.Release|Any CPU.Build.0 = Release|Any CPU
		{EBEDB89C-1FA9-449F-866E-16B9B2A69726}.Debug|Any CPU.ActiveCfg = Debug|Any CPU
		{EBEDB89C-1FA9-449F-866E-16B9B2A69726}.Debug|Any CPU.Build.0 = Debug|Any CPU
		{EBEDB89C-1FA9-449F-866E-16B9B2A69726}.Release|Any CPU.ActiveCfg = Release|Any CPU
		{EBEDB89C-1FA9-449F-866E-16B9B2A69726}.Release|Any CPU.Build.0 = Release|Any CPU
	EndGlobalSection
	GlobalSection(SolutionProperties) = preSolution
		HideSolutionNode = FALSE
	EndGlobalSection
EndGlobal
